
Microsoft Visual Studio Solution File, Format Version 12.00
# Visual Studio Version 16
VisualStudioVersion = 16.0.31729.503
MinimumVisualStudioVersion = 10.0.40219.1
Project("{F184B08F-C81C-45F6-A57F-5ABD9991F28F}") = "Parking_Dashboard", "Parking_Dashboard\Parking_Dashboard.vbproj", "{1420A020-C103-4710-A1B8-5D09B5362E7D}"
EndProject
Global
	GlobalSection(SolutionConfigurationPlatforms) = preSolution
		Debug|Any CPU = Debug|Any CPU
		Release|Any CPU = Release|Any CPU
	EndGlobalSection
	GlobalSection(ProjectConfigurationPlatforms) = postSolution
		{1420A020-C103-4710-A1B8-5D09B5362E7D}.Debug|Any CPU.ActiveCfg = Debug|Any CPU
		{1420A020-C103-4710-A1B8-5D09B5362E7D}.Debug|Any CPU.Build.0 = Debug|Any CPU
		{1420A020-C103-4710-A1B8-5D09B5362E7D}.Release|Any CPU.ActiveCfg = Release|Any CPU
		{1420A020-C103-4710-A1B8-5D09B5362E7D}.Release|Any CPU.Build.0 = Release|Any CPU
	EndGlobalSection
	GlobalSection(SolutionProperties) = preSolution
		HideSolutionNode = FALSE
	EndGlobalSection
	GlobalSection(ExtensibilityGlobals) = postSolution
		SolutionGuid = {B78EB391-1A88-4190-A0DB-FA4DBD340421}
	EndGlobalSection
EndGlobal
